
Microsoft Visual Studio Solution File, Format Version 12.00
Project("{FAE04EC0-301F-11D3-BF4B-00C04F79EFBC}") = "GeliosFill.Api", "GeliosFill.Api\GeliosFill.Api.csproj", "{8BD6E7F6-277D-4E2B-9DB7-AEFFA32FDC31}"
EndProject
Project("{FAE04EC0-301F-11D3-BF4B-00C04F79EFBC}") = "GeliosFill.Models", "GeliosFill.Models\GeliosFill.Models.csproj", "{283A6F8A-FD71-4B7D-9379-9115B1A42D62}"
EndProject
Project("{FAE04EC0-301F-11D3-BF4B-00C04F79EFBC}") = "GeliosFill.Data", "GeliosFill.Data\GeliosFill.Data.csproj", "{592F1C2B-B38D-4316-891F-768C5B784262}"
EndProject
Global
	GlobalSection(SolutionConfigurationPlatforms) = preSolution
		Debug|Any CPU = Debug|Any CPU
		Release|Any CPU = Release|Any CPU
	EndGlobalSection
	GlobalSection(ProjectConfigurationPlatforms) = postSolution
		{8BD6E7F6-277D-4E2B-9DB7-AEFFA32FDC31}.Debug|Any CPU.ActiveCfg = Debug|Any CPU
		{8BD6E7F6-277D-4E2B-9DB7-AEFFA32FDC31}.Debug|Any CPU.Build.0 = Debug|Any CPU
		{8BD6E7F6-277D-4E2B-9DB7-AEFFA32FDC31}.Release|Any CPU.ActiveCfg = Release|Any CPU
		{8BD6E7F6-277D-4E2B-9DB7-AEFFA32FDC31}.Release|Any CPU.Build.0 = Release|Any CPU
		{283A6F8A-FD71-4B7D-9379-9115B1A42D62}.Debug|Any CPU.ActiveCfg = Debug|Any CPU
		{283A6F8A-FD71-4B7D-9379-9115B1A42D62}.Debug|Any CPU.Build.0 = Debug|Any CPU
		{283A6F8A-FD71-4B7D-9379-9115B1A42D62}.Release|Any CPU.ActiveCfg = Release|Any CPU
		{283A6F8A-FD71-4B7D-9379-9115B1A42D62}.Release|Any CPU.Build.0 = Release|Any CPU
		{592F1C2B-B38D-4316-891F-768C5B784262}.Debug|Any CPU.ActiveCfg = Debug|Any CPU
		{592F1C2B-B38D-4316-891F-768C5B784262}.Debug|Any CPU.Build.0 = Debug|Any CPU
		{592F1C2B-B38D-4316-891F-768C5B784262}.Release|Any CPU.ActiveCfg = Release|Any CPU
		{592F1C2B-B38D-4316-891F-768C5B784262}.Release|Any CPU.Build.0 = Release|Any CPU
	EndGlobalSection
EndGlobal
